{
  "version": "2",
  "remote": {
    "https://raw.githubusercontent.com/btmxh/nrs-lib-ts/v2.0.0/deps.ts": "9726584ef5caac01697c8afa25431d64acc70cba5f065516071017c62921b8f5",
    "https://raw.githubusercontent.com/btmxh/nrs-lib-ts/v2.0.0/exts/DAH_additional_sources.ts": "b348cdcbd5033f1954f66c453e8785a17477da0aa878654356b021999ccf8d2b",
    "https://raw.githubusercontent.com/btmxh/nrs-lib-ts/v2.0.0/exts/DAH_anime_normalize.ts": "303985fe12a69cf9aac3253fc85b3419acdc96501f9202a02f3a09e1ee388274",
    "https://raw.githubusercontent.com/btmxh/nrs-lib-ts/v2.0.0/exts/DAH_anime_normalize_bulk.json": "16d5a583f9ead1e04c736511acc58a432a156c1a88e817feea19cd91d4301e05",
    "https://raw.githubusercontent.com/btmxh/nrs-lib-ts/v2.0.0/exts/DAH_combine_pow.ts": "853376d1031643a73fd726f49924c1c5fc7c0cbea2bd7113a469569afae91355",
    "https://raw.githubusercontent.com/btmxh/nrs-lib-ts/v2.0.0/exts/DAH_combine_pp.ts": "c2b9141335dabb94e1c8e3255e24893bd745890117827d0c0bbb0f966aae35a7",
    "https://raw.githubusercontent.com/btmxh/nrs-lib-ts/v2.0.0/exts/DAH_entry_bestGirl.ts": "b878ce342b57e05b74abfb4297ec5937987e549dac076887cafd62e09520c03d",
    "https://raw.githubusercontent.com/btmxh/nrs-lib-ts/v2.0.0/exts/DAH_entry_progress.ts": "17dd49f9de48447ef762b9a1ba61ef09034df2b83ec1152cd3510ca4c5fa2607",
    "https://raw.githubusercontent.com/btmxh/nrs-lib-ts/v2.0.0/exts/DAH_entry_title.ts": "719099a0f3a0188426baa2e4867f7274ca25f1dc372c5b9f924bd4dfb0ac139e",
    "https://raw.githubusercontent.com/btmxh/nrs-lib-ts/v2.0.0/exts/DAH_factors.ts": "f8a3e84c6db1310cf989e07d6a23bf1a6e00f5692d2c4429ea3225e36902cbad",
    "https://raw.githubusercontent.com/btmxh/nrs-lib-ts/v2.0.0/exts/DAH_ir_source.ts": "68082e59b0844da3c99b17b0b9946fb125251fc13677026990f06b77f150850e",
    "https://raw.githubusercontent.com/btmxh/nrs-lib-ts/v2.0.0/exts/DAH_overall_score.ts": "1f13ed32c2e56cf216960ac2910e3f1acf77cfdca6c29d0e50d26f853061a6c3",
    "https://raw.githubusercontent.com/btmxh/nrs-lib-ts/v2.0.0/exts/DAH_serialize.ts": "e387b02debcc8269509e2b1b26d290f552d6d783f5d4ebc6da09cf96de1c56b8",
    "https://raw.githubusercontent.com/btmxh/nrs-lib-ts/v2.0.0/exts/DAH_serialize_json.ts": "173c68a7452f85ba03e62644e2a5a6a2c4c47665a95c01113faf4e3f766ce38a",
    "https://raw.githubusercontent.com/btmxh/nrs-lib-ts/v2.0.0/exts/DAH_standards.ts": "496bb43ed7648689a5743c727c7c2c3b1e395c9f86ac816a306d2717e6eaf7ed",
    "https://raw.githubusercontent.com/btmxh/nrs-lib-ts/v2.0.0/exts/DAH_validator_suppress.ts": "18a3679fc93a0c5377d7119fcd8d2d38792ba5153078e43916d49e8ea7597c19",
    "https://raw.githubusercontent.com/btmxh/nrs-lib-ts/v2.0.0/mod.ts": "3afcf2d1a208c9b423970430f0313fc745d28f79f1fabace0dada86e718c89b2",
    "https://raw.githubusercontent.com/btmxh/nrs-lib-ts/v2.0.0/src/data.ts": "5197fb26cf79e2c3db699d1836806cd3e51f1f8187f369901a42cb45225aaa91",
    "https://raw.githubusercontent.com/btmxh/nrs-lib-ts/v2.0.0/src/ext.ts": "624ff419fbbd604b935fc739bd266c168d332b3c9c1213153823240d7bce90f0",
    "https://raw.githubusercontent.com/btmxh/nrs-lib-ts/v2.0.0/src/math.ts": "c971cef543189fe18ebfdd1dff249eedf1cb5ffbfcfe5cac713b70f7abab1316",
    "https://raw.githubusercontent.com/btmxh/nrs-lib-ts/v2.0.0/src/process.ts": "61393b2943c08a096825a06799f054c824ab596004b968c60d83f486c8b78a18",
    "https://raw.githubusercontent.com/btmxh/nrs-lib-ts/v2.0.0/src/utils.ts": "e1eb3da8ef1e19196dbb69f406fd56002dd517a2d94b08ab5647d5e3b099bb92"
  },
  "npm": {
    "specifiers": {
      "@types/luxon": "@types/luxon@3.3.2",
      "fast-xml-parser@4": "fast-xml-parser@4.2.7",
      "luxon@3.2.0": "luxon@3.2.0"
    },
    "packages": {
      "@types/luxon@3.3.2": {
        "integrity": "sha512-l5cpE57br4BIjK+9BSkFBOsWtwv6J9bJpC7gdXIzZyI0vuKvNTk0wZZrkQxMGsUAuGW9+WMNWF2IJMD7br2yeQ==",
        "dependencies": {}
      },
      "fast-xml-parser@4.2.7": {
        "integrity": "sha512-J8r6BriSLO1uj2miOk1NW0YVm8AGOOu3Si2HQp/cSmo6EA4m3fcwu2WKjJ4RK9wMLBtg69y1kS8baDiQBR41Ig==",
        "dependencies": {
          "strnum": "strnum@1.0.5"
        }
      },
      "luxon@3.2.0": {
        "integrity": "sha512-Namj3XqoJjFekq/JHQEaaAv4zyE/fyyDBrMEBnIL2s/X54SC8W5Ea0uej1TRXUArWec8OojsAVsGBYhNRjpMVw==",
        "dependencies": {}
      },
      "strnum@1.0.5": {
        "integrity": "sha512-J8bbNyKKXl5qYcR36TIO8W3mVGVHrmmxsd5PAItGkmyzwJvybiw2IVq5nqd0i4LSNSkB/sx9VHllbfFdr9k1JA==",
        "dependencies": {}
      }
    }
  }
}
